
Microsoft Visual Studio Solution File, Format Version 12.00
# Visual Studio Version 17
VisualStudioVersion = 17.14.36202.13 d17.14
MinimumVisualStudioVersion = 10.0.40219.1
Project("{FAE04EC0-301F-11D3-BF4B-00C04F79EFBC}") = "skip_intro", "skip_intro.csproj", "{7FE7FC9E-2E40-480D-A1D8-F0F243B20990}"
EndProject
Global
	GlobalSection(SolutionConfigurationPlatforms) = preSolution
		Debug|Any CPU = Debug|Any CPU
		Release|Any CPU = Release|Any CPU
	EndGlobalSection
	GlobalSection(ProjectConfigurationPlatforms) = postSolution
		{7FE7FC9E-2E40-480D-A1D8-F0F243B20990}.Debug|Any CPU.ActiveCfg = Debug|Any CPU
		{7FE7FC9E-2E40-480D-A1D8-F0F243B20990}.Debug|Any CPU.Build.0 = Debug|Any CPU
		{7FE7FC9E-2E40-480D-A1D8-F0F243B20990}.Release|Any CPU.ActiveCfg = Release|Any CPU
		{7FE7FC9E-2E40-480D-A1D8-F0F243B20990}.Release|Any CPU.Build.0 = Release|Any CPU
	EndGlobalSection
	GlobalSection(SolutionProperties) = preSolution
		HideSolutionNode = FALSE
	EndGlobalSection
	GlobalSection(ExtensibilityGlobals) = postSolution
		SolutionGuid = {40AEA358-404D-4666-B7A8-AE39A397AD62}
	EndGlobalSection
EndGlobal
